PODS:
  - KLCircleProgress (1.0.0)
  - Masonry (1.1.0)

DEPENDENCIES:
  - KLCircleProgress (from `../`)
  - Masonry

SPEC REPOS:
  trunk:
    - Masonry

EXTERNAL SOURCES:
  KLCircleProgress:
    :path: "../"

SPEC CHECKSUMS:
  KLCircleProgress: fc3b13f87026fbd2302eae4fd9fe11474ec832b1
  Masonry: 678fab65091a9290e40e2832a55e7ab731aad201

PODFILE CHECKSUM: 9a3ed51bf266be583e8dceb420ead655f4032d22

COCOAPODS: 1.8.4
